{
  "version": 4,
  "terraform_version": "1.14.8",
  "serial": 10,
  "lineage": "d6783c94-935f-2911-be00-fbad05bad971",
  "outputs": {
    "instance_id": {
      "value": "i-021876684703b65c4",
      "type": "string"
    },
    "public_dns": {
      "value": "ec2-15-135-168-247.ap-southeast-2.compute.amazonaws.com",
      "type": "string"
    },
    "public_ip": {
      "value": "15.135.168.247",
      "type": "string"
    },
    "ssh_command": {
      "value": "ssh -i ~/.ssh/devboard-aws ec2-user@15.135.168.247",
      "type": "string"
    }
  },
  "resources": [
    {
      "mode": "data",
      "type": "aws_ssm_parameter",
      "name": "al2023_arm64_ami",
      "provider": "provider[\"registry.terraform.io/hashicorp/aws\"]",
      "instances": [
        {
          "schema_version": 0,
          "attributes": {
            "arn": "arn:aws:ssm:ap-southeast-2::parameter/aws/service/ami-amazon-linux-latest/al2023-ami-kernel-default-arm64",
            "id": "/aws/service/ami-amazon-linux-latest/al2023-ami-kernel-default-arm64",
            "insecure_value": "ami-02d4c8a005032127f",
            "name": "/aws/service/ami-amazon-linux-latest/al2023-ami-kernel-default-arm64",
            "region": "ap-southeast-2",
            "type": "String",
            "value": "ami-02d4c8a005032127f",
            "version": 155,
            "with_decryption": true
          },
          "sensitive_attributes": [
            [
              {
                "type": "get_attr",
                "value": "value"
              }
            ]
          ],
          "identity_schema_version": 0
        }
      ]
    },
    {
      "mode": "managed",
      "type": "aws_instance",
      "name": "devboard",
      "provider": "provider[\"registry.terraform.io/hashicorp/aws\"]",
      "instances": [
        {
          "schema_version": 2,
          "attributes": {
            "ami": "ami-02d4c8a005032127f",
            "arn": "arn:aws:ec2:ap-southeast-2:627073650332:instance/i-021876684703b65c4",
            "associate_public_ip_address": true,
            "availability_zone": "ap-southeast-2a",
            "capacity_reservation_specification": [
              {
                "capacity_reservation_preference": "open",
                "capacity_reservation_target": []
              }
            ],
            "cpu_options": [
              {
                "amd_sev_snp": "",
                "core_count": 2,
                "nested_virtualization": "",
                "threads_per_core": 1
              }
            ],
            "credit_specification": [
              {
                "cpu_credits": "unlimited"
              }
            ],
            "disable_api_stop": false,
            "disable_api_termination": false,
            "ebs_block_device": [],
            "ebs_optimized": false,
            "enable_primary_ipv6": null,
            "enclave_options": [
              {
                "enabled": false
              }
            ],
            "ephemeral_block_device": [],
            "force_destroy": false,
            "get_password_data": false,
            "hibernation": false,
            "host_id": "",
            "host_resource_group_arn": null,
            "iam_instance_profile": "",
            "id": "i-021876684703b65c4",
            "instance_initiated_shutdown_behavior": "stop",
            "instance_lifecycle": "",
            "instance_market_options": [],
            "instance_state": "running",
            "instance_type": "t4g.small",
            "ipv6_address_count": 0,
            "ipv6_addresses": [],
            "key_name": "devboard-aws",
            "launch_template": [],
            "maintenance_options": [
              {
                "auto_recovery": "default"
              }
            ],
            "metadata_options": [
              {
                "http_endpoint": "enabled",
                "http_protocol_ipv6": "disabled",
                "http_put_response_hop_limit": 2,
                "http_tokens": "required",
                "instance_metadata_tags": "disabled"
              }
            ],
            "monitoring": false,
            "network_interface": [],
            "outpost_arn": "",
            "password_data": "",
            "placement_group": "",
            "placement_group_id": "",
            "placement_partition_number": 0,
            "primary_network_interface": [
              {
                "delete_on_termination": true,
                "network_interface_id": "eni-021dc850a801369dd"
              }
            ],
            "primary_network_interface_id": "eni-021dc850a801369dd",
            "private_dns": "ip-10-0-1-58.ap-southeast-2.compute.internal",
            "private_dns_name_options": [
              {
                "enable_resource_name_dns_a_record": false,
                "enable_resource_name_dns_aaaa_record": false,
                "hostname_type": "ip-name"
              }
            ],
            "private_ip": "10.0.1.58",
            "public_dns": "ec2-15-135-168-247.ap-southeast-2.compute.amazonaws.com",
            "public_ip": "15.135.168.247",
            "region": "ap-southeast-2",
            "root_block_device": [
              {
                "delete_on_termination": true,
                "device_name": "/dev/xvda",
                "encrypted": false,
                "iops": 3000,
                "kms_key_id": "",
                "tags": {},
                "tags_all": {},
                "throughput": 125,
                "volume_id": "vol-04d118631cc5a934d",
                "volume_size": 8,
                "volume_type": "gp3"
              }
            ],
            "secondary_network_interface": [],
            "secondary_private_ips": [],
            "security_groups": [],
            "source_dest_check": true,
            "spot_instance_request_id": "",
            "subnet_id": "subnet-0fec0195168107f85",
            "tags": {
              "Environment": "dev",
              "ManagedBy": "Terraform",
              "Name": "devboard-dev-ec2",
              "Project": "devboard"
            },
            "tags_all": {
              "Environment": "dev",
              "ManagedBy": "Terraform",
              "Name": "devboard-dev-ec2",
              "Project": "devboard"
            },
            "tenancy": "default",
            "timeouts": null,
            "user_data": "#!/bin/bash\nset -eux\n\ndnf update -y\ndnf install -y docker\nsystemctl enable docker\nsystemctl start docker\n\nusermod -aG docker ec2-user\n\ncurl -L \"https://github.com/docker/compose/releases/latest/download/docker-compose-linux-aarch64\" -o /usr/local/bin/docker-compose\nchmod +x /usr/local/bin/docker-compose\n\nmkdir -p /opt/devboard\n",
            "user_data_base64": null,
            "user_data_replace_on_change": false,
            "volume_tags": null,
            "vpc_security_group_ids": [
              "sg-0ef79f636a7eff30a"
            ]
          },
          "sensitive_attributes": [
            [
              {
                "type": "get_attr",
                "value": "ami"
              }
            ]
          ],
          "identity_schema_version": 0,
          "identity": {
            "account_id": "627073650332",
            "id": "i-021876684703b65c4",
            "region": "ap-southeast-2"
          },
          "private": "eyJlMmJmYjczMC1lY2FhLTExZTYtOGY4OC0zNDM2M2JjN2M0YzAiOnsiY3JlYXRlIjo2MDAwMDAwMDAwMDAsImRlbGV0ZSI6MTIwMDAwMDAwMDAwMCwicmVhZCI6OTAwMDAwMDAwMDAwLCJ1cGRhdGUiOjYwMDAwMDAwMDAwMH0sInNjaGVtYV92ZXJzaW9uIjoiMiJ9",
          "dependencies": [
            "aws_key_pair.devboard_key",
            "aws_security_group.ec2",
            "aws_subnet.public",
            "aws_vpc.main",
            "data.aws_ssm_parameter.al2023_arm64_ami"
          ]
        }
      ]
    },
    {
      "mode": "managed",
      "type": "aws_internet_gateway",
      "name": "igw",
      "provider": "provider[\"registry.terraform.io/hashicorp/aws\"]",
      "instances": [
        {
          "schema_version": 0,
          "attributes": {
            "arn": "arn:aws:ec2:ap-southeast-2:627073650332:internet-gateway/igw-0d20bb64181f4a1a2",
            "id": "igw-0d20bb64181f4a1a2",
            "owner_id": "627073650332",
            "region": "ap-southeast-2",
            "tags": {
              "Environment": "dev",
              "ManagedBy": "Terraform",
              "Name": "devboard-dev-igw",
              "Project": "devboard"
            },
            "tags_all": {
              "Environment": "dev",
              "ManagedBy": "Terraform",
              "Name": "devboard-dev-igw",
              "Project": "devboard"
            },
            "timeouts": null,
            "vpc_id": "vpc-07693117a1ca3c1e3"
          },
          "sensitive_attributes": [],
          "identity_schema_version": 0,
          "private": "eyJlMmJmYjczMC1lY2FhLTExZTYtOGY4OC0zNDM2M2JjN2M0YzAiOnsiY3JlYXRlIjoxMjAwMDAwMDAwMDAwLCJkZWxldGUiOjEyMDAwMDAwMDAwMDAsInVwZGF0ZSI6MTIwMDAwMDAwMDAwMH19",
          "dependencies": [
            "aws_vpc.main"
          ]
        }
      ]
    },
    {
      "mode": "managed",
      "type": "aws_key_pair",
      "name": "devboard_key",
      "provider": "provider[\"registry.terraform.io/hashicorp/aws\"]",
      "instances": [
        {
          "schema_version": 1,
          "attributes": {
            "arn": "arn:aws:ec2:ap-southeast-2:627073650332:key-pair/devboard-aws",
            "fingerprint": "3b:4b:9c:e3:5c:ce:35:36:3d:89:6c:50:5a:4e:22:3b",
            "id": "devboard-aws",
            "key_name": "devboard-aws",
            "key_name_prefix": "",
            "key_pair_id": "key-04768503bcfd10b1c",
            "key_type": "rsa",
            "public_key": "ssh-rsa AAAAB3NzaC1yc2EAAAADAQABAAACAQDYDYqWSwRELmdbLEkGYfxDIopEi9b2tuCsfHZsBY2Nxgh0SeG2wD0CMSWJXI5DEXdi/2D/a8mkWMltgOMA37B4bPCYP2m0zO4ANApt1pW5r8J72xI3qMadd8jKkLdoAhpcETNjL/K07/yY/V9VB/ax2Dfv7n1O7iUn/3GvRkSFCWyYNnU11PoGC9CT/DsSw5YmCvo1KK0L7W1wakD8+Dd5pNSsilquV1Ree64suIT6oRgBSJIo9qQxeBy3nxdIiM76kBTthrMLn5eUvl6VvfOILJXFlTr5s7qXTmyOW3XyMDzgpsAN+f5Zb1pmkHVOh2Ja+rfUnOrzc3DLETxt7g46rcwd7E67JwmXa1evFV4SgvoDOPUOlP/AC48Skz9dXJPMSBqwbUpddQHmq3PQAfdKUhP6BL1s417uOVqtoatRufJZyQ53C20BNBaPtfNZTo41sOSu0PdWetUvBTkjzhD/5vuX3mL97/tKDAZ22FAs7I1BCpjAcyyFrIGRtNA8sUF25rpNuUGLXzg8dExSwoateL6f3arT41431vBu/ShpFdeLPZ9muQwPCMj3jEhz+KQ+AEvFU1w76NRye4BdPsALC/ykHV3wCiumPcL5jte/F+G6E+0O8PkJ+B4vvtom/Dj6tHm4X4t9OXbYpiaVRcnd/AIBQ9tERzoJuMdxHfyP3Q== devboard-aws",
            "region": "ap-southeast-2",
            "tags": {
              "Environment": "dev",
              "ManagedBy": "Terraform",
              "Name": "devboard-dev-key",
              "Project": "devboard"
            },
            "tags_all": {
              "Environment": "dev",
              "ManagedBy": "Terraform",
              "Name": "devboard-dev-key",
              "Project": "devboard"
            }
          },
          "sensitive_attributes": [],
          "identity_schema_version": 0,
          "private": "eyJzY2hlbWFfdmVyc2lvbiI6IjEifQ=="
        }
      ]
    },
    {
      "mode": "managed",
      "type": "aws_route",
      "name": "default_ipv4_route",
      "provider": "provider[\"registry.terraform.io/hashicorp/aws\"]",
      "instances": [
        {
          "schema_version": 0,
          "attributes": {
            "carrier_gateway_id": "",
            "core_network_arn": "",
            "destination_cidr_block": "0.0.0.0/0",
            "destination_ipv6_cidr_block": "",
            "destination_prefix_list_id": "",
            "egress_only_gateway_id": "",
            "gateway_id": "igw-0d20bb64181f4a1a2",
            "id": "r-rtb-09d8b2008905766d51080289494",
            "instance_id": "",
            "instance_owner_id": "",
            "local_gateway_id": "",
            "nat_gateway_id": "",
            "network_interface_id": "",
            "origin": "CreateRoute",
            "region": "ap-southeast-2",
            "route_table_id": "rtb-09d8b2008905766d5",
            "state": "active",
            "timeouts": null,
            "transit_gateway_id": "",
            "vpc_endpoint_id": "",
            "vpc_peering_connection_id": ""
          },
          "sensitive_attributes": [],
          "identity_schema_version": 0,
          "identity": {
            "account_id": "627073650332",
            "destination_cidr_block": "0.0.0.0/0",
            "destination_ipv6_cidr_block": null,
            "destination_prefix_list_id": null,
            "region": "ap-southeast-2",
            "route_table_id": "rtb-09d8b2008905766d5"
          },
          "private": "eyJlMmJmYjczMC1lY2FhLTExZTYtOGY4OC0zNDM2M2JjN2M0YzAiOnsiY3JlYXRlIjozMDAwMDAwMDAwMDAsImRlbGV0ZSI6MzAwMDAwMDAwMDAwLCJ1cGRhdGUiOjEyMDAwMDAwMDAwMH19",
          "dependencies": [
            "aws_internet_gateway.igw",
            "aws_route_table.public",
            "aws_vpc.main"
          ]
        }
      ]
    },
    {
      "mode": "managed",
      "type": "aws_route_table",
      "name": "public",
      "provider": "provider[\"registry.terraform.io/hashicorp/aws\"]",
      "instances": [
        {
          "schema_version": 0,
          "attributes": {
            "arn": "arn:aws:ec2:ap-southeast-2:627073650332:route-table/rtb-09d8b2008905766d5",
            "id": "rtb-09d8b2008905766d5",
            "owner_id": "627073650332",
            "propagating_vgws": [],
            "region": "ap-southeast-2",
            "route": [],
            "tags": {
              "Environment": "dev",
              "ManagedBy": "Terraform",
              "Name": "devboard-dev-public-rt",
              "Project": "devboard"
            },
            "tags_all": {
              "Environment": "dev",
              "ManagedBy": "Terraform",
              "Name": "devboard-dev-public-rt",
              "Project": "devboard"
            },
            "timeouts": null,
            "vpc_id": "vpc-07693117a1ca3c1e3"
          },
          "sensitive_attributes": [],
          "identity_schema_version": 0,
          "identity": {
            "account_id": "627073650332",
            "id": "rtb-09d8b2008905766d5",
            "region": "ap-southeast-2"
          },
          "private": "eyJlMmJmYjczMC1lY2FhLTExZTYtOGY4OC0zNDM2M2JjN2M0YzAiOnsiY3JlYXRlIjozMDAwMDAwMDAwMDAsImRlbGV0ZSI6MzAwMDAwMDAwMDAwLCJ1cGRhdGUiOjEyMDAwMDAwMDAwMH19",
          "dependencies": [
            "aws_vpc.main"
          ]
        }
      ]
    },
    {
      "mode": "managed",
      "type": "aws_route_table_association",
      "name": "public_assoc",
      "provider": "provider[\"registry.terraform.io/hashicorp/aws\"]",
      "instances": [
        {
          "schema_version": 0,
          "attributes": {
            "gateway_id": "",
            "id": "rtbassoc-078bbe325842358d2",
            "region": "ap-southeast-2",
            "route_table_id": "rtb-09d8b2008905766d5",
            "subnet_id": "subnet-0fec0195168107f85",
            "timeouts": null
          },
          "sensitive_attributes": [],
          "identity_schema_version": 0,
          "private": "eyJlMmJmYjczMC1lY2FhLTExZTYtOGY4OC0zNDM2M2JjN2M0YzAiOnsiY3JlYXRlIjozMDAwMDAwMDAwMDAsImRlbGV0ZSI6MzAwMDAwMDAwMDAwLCJ1cGRhdGUiOjEyMDAwMDAwMDAwMH19",
          "dependencies": [
            "aws_route_table.public",
            "aws_subnet.public",
            "aws_vpc.main"
          ]
        }
      ]
    },
    {
      "mode": "managed",
      "type": "aws_security_group",
      "name": "ec2",
      "provider": "provider[\"registry.terraform.io/hashicorp/aws\"]",
      "instances": [
        {
          "schema_version": 1,
          "attributes": {
            "arn": "arn:aws:ec2:ap-southeast-2:627073650332:security-group/sg-0ef79f636a7eff30a",
            "description": "Security group for DevBoard EC2",
            "egress": [
              {
                "cidr_blocks": [
                  "0.0.0.0/0"
                ],
                "description": "Allow all outbound traffic",
                "from_port": 0,
                "ipv6_cidr_blocks": [],
                "prefix_list_ids": [],
                "protocol": "-1",
                "security_groups": [],
                "self": false,
                "to_port": 0
              }
            ],
            "id": "sg-0ef79f636a7eff30a",
            "ingress": [
              {
                "cidr_blocks": [
                  "0.0.0.0/0"
                ],
                "description": "Backend HTTP",
                "from_port": 8080,
                "ipv6_cidr_blocks": [],
                "prefix_list_ids": [],
                "protocol": "tcp",
                "security_groups": [],
                "self": false,
                "to_port": 8080
              },
              {
                "cidr_blocks": [
                  "0.0.0.0/0"
                ],
                "description": "Frontend HTTP",
                "from_port": 3000,
                "ipv6_cidr_blocks": [],
                "prefix_list_ids": [],
                "protocol": "tcp",
                "security_groups": [],
                "self": false,
                "to_port": 3000
              },
              {
                "cidr_blocks": [
                  "119.18.2.3/32"
                ],
                "description": "SSH from my IP",
                "from_port": 22,
                "ipv6_cidr_blocks": [],
                "prefix_list_ids": [],
                "protocol": "tcp",
                "security_groups": [],
                "self": false,
                "to_port": 22
              }
            ],
            "name": "devboard-dev-ec2-sg",
            "name_prefix": "",
            "owner_id": "627073650332",
            "region": "ap-southeast-2",
            "revoke_rules_on_delete": false,
            "tags": {
              "Environment": "dev",
              "ManagedBy": "Terraform",
              "Name": "devboard-dev-ec2-sg",
              "Project": "devboard"
            },
            "tags_all": {
              "Environment": "dev",
              "ManagedBy": "Terraform",
              "Name": "devboard-dev-ec2-sg",
              "Project": "devboard"
            },
            "timeouts": null,
            "vpc_id": "vpc-07693117a1ca3c1e3"
          },
          "sensitive_attributes": [],
          "identity_schema_version": 0,
          "identity": {
            "account_id": "627073650332",
            "id": "sg-0ef79f636a7eff30a",
            "region": "ap-southeast-2"
          },
          "private": "eyJlMmJmYjczMC1lY2FhLTExZTYtOGY4OC0zNDM2M2JjN2M0YzAiOnsiY3JlYXRlIjo2MDAwMDAwMDAwMDAsImRlbGV0ZSI6OTAwMDAwMDAwMDAwfSwic2NoZW1hX3ZlcnNpb24iOiIxIn0=",
          "dependencies": [
            "aws_vpc.main"
          ]
        }
      ]
    },
    {
      "mode": "managed",
      "type": "aws_subnet",
      "name": "public",
      "provider": "provider[\"registry.terraform.io/hashicorp/aws\"]",
      "instances": [
        {
          "schema_version": 1,
          "attributes": {
            "arn": "arn:aws:ec2:ap-southeast-2:627073650332:subnet/subnet-0fec0195168107f85",
            "assign_ipv6_address_on_creation": false,
            "availability_zone": "ap-southeast-2a",
            "availability_zone_id": "apse2-az1",
            "cidr_block": "10.0.1.0/24",
            "customer_owned_ipv4_pool": "",
            "enable_dns64": false,
            "enable_lni_at_device_index": 0,
            "enable_resource_name_dns_a_record_on_launch": false,
            "enable_resource_name_dns_aaaa_record_on_launch": false,
            "id": "subnet-0fec0195168107f85",
            "ipv4_ipam_pool_id": null,
            "ipv4_netmask_length": null,
            "ipv6_cidr_block": "",
            "ipv6_cidr_block_association_id": "",
            "ipv6_ipam_pool_id": null,
            "ipv6_native": false,
            "ipv6_netmask_length": null,
            "map_customer_owned_ip_on_launch": false,
            "map_public_ip_on_launch": true,
            "outpost_arn": "",
            "owner_id": "627073650332",
            "private_dns_hostname_type_on_launch": "ip-name",
            "region": "ap-southeast-2",
            "tags": {
              "Environment": "dev",
              "ManagedBy": "Terraform",
              "Name": "devboard-dev-public-subnet",
              "Project": "devboard"
            },
            "tags_all": {
              "Environment": "dev",
              "ManagedBy": "Terraform",
              "Name": "devboard-dev-public-subnet",
              "Project": "devboard"
            },
            "timeouts": null,
            "vpc_id": "vpc-07693117a1ca3c1e3"
          },
          "sensitive_attributes": [],
          "identity_schema_version": 0,
          "identity": {
            "account_id": "627073650332",
            "id": "subnet-0fec0195168107f85",
            "region": "ap-southeast-2"
          },
          "private": "eyJlMmJmYjczMC1lY2FhLTExZTYtOGY4OC0zNDM2M2JjN2M0YzAiOnsiY3JlYXRlIjo2MDAwMDAwMDAwMDAsImRlbGV0ZSI6MTIwMDAwMDAwMDAwMH0sInNjaGVtYV92ZXJzaW9uIjoiMSJ9",
          "dependencies": [
            "aws_vpc.main"
          ]
        }
      ]
    },
    {
      "mode": "managed",
      "type": "aws_vpc",
      "name": "main",
      "provider": "provider[\"registry.terraform.io/hashicorp/aws\"]",
      "instances": [
        {
          "schema_version": 1,
          "attributes": {
            "arn": "arn:aws:ec2:ap-southeast-2:627073650332:vpc/vpc-07693117a1ca3c1e3",
            "assign_generated_ipv6_cidr_block": false,
            "cidr_block": "10.0.0.0/16",
            "default_network_acl_id": "acl-08635e8d095c1a99e",
            "default_route_table_id": "rtb-0826f3f1a21745ca6",
            "default_security_group_id": "sg-0fcfd625ee849095b",
            "dhcp_options_id": "dopt-038f8ee744673cb6d",
            "enable_dns_hostnames": true,
            "enable_dns_support": true,
            "enable_network_address_usage_metrics": false,
            "id": "vpc-07693117a1ca3c1e3",
            "instance_tenancy": "default",
            "ipv4_ipam_pool_id": null,
            "ipv4_netmask_length": null,
            "ipv6_association_id": "",
            "ipv6_cidr_block": "",
            "ipv6_cidr_block_network_border_group": "",
            "ipv6_ipam_pool_id": "",
            "ipv6_netmask_length": 0,
            "main_route_table_id": "rtb-0826f3f1a21745ca6",
            "owner_id": "627073650332",
            "region": "ap-southeast-2",
            "tags": {
              "Environment": "dev",
              "ManagedBy": "Terraform",
              "Name": "devboard-dev-vpc",
              "Project": "devboard"
            },
            "tags_all": {
              "Environment": "dev",
              "ManagedBy": "Terraform",
              "Name": "devboard-dev-vpc",
              "Project": "devboard"
            }
          },
          "sensitive_attributes": [],
          "identity_schema_version": 0,
          "identity": {
            "account_id": "627073650332",
            "id": "vpc-07693117a1ca3c1e3",
            "region": "ap-southeast-2"
          },
          "private": "eyJzY2hlbWFfdmVyc2lvbiI6IjEifQ=="
        }
      ]
    }
  ],
  "check_results": null
}
